
Microsoft Visual Studio Solution File, Format Version 12.00
# Visual Studio Version 16
VisualStudioVersion = 16.0.29926.136
MinimumVisualStudioVersion = 10.0.40219.1
Project("{FAE04EC0-301F-11D3-BF4B-00C04F79EFBC}") = "AvaloniaMVVMTodoDemo", "AvaloniaMVVMTodoDemo\AvaloniaMVVMTodoDemo.csproj", "{30FA91C6-7546-4330-A37D-F8990A96E06B}"
EndProject
Global
	GlobalSection(SolutionConfigurationPlatforms) = preSolution
		Debug|Any CPU = Debug|Any CPU
		Release|Any CPU = Release|Any CPU
	EndGlobalSection
	GlobalSection(ProjectConfigurationPlatforms) = postSolution
		{30FA91C6-7546-4330-A37D-F8990A96E06B}.Debug|Any CPU.ActiveCfg = Debug|Any CPU
		{30FA91C6-7546-4330-A37D-F8990A96E06B}.Debug|Any CPU.Build.0 = Debug|Any CPU
		{30FA91C6-7546-4330-A37D-F8990A96E06B}.Release|Any CPU.ActiveCfg = Release|Any CPU
		{30FA91C6-7546-4330-A37D-F8990A96E06B}.Release|Any CPU.Build.0 = Release|Any CPU
	EndGlobalSection
	GlobalSection(SolutionProperties) = preSolution
		HideSolutionNode = FALSE
	EndGlobalSection
	GlobalSection(ExtensibilityGlobals) = postSolution
		SolutionGuid = {932BA7ED-01A0-47CA-9752-1886F762410D}
	EndGlobalSection
EndGlobal
